
Microsoft Visual Studio Solution File, Format Version 12.00
# Visual Studio Version 16
VisualStudioVersion = 16.0.31605.320
MinimumVisualStudioVersion = 10.0.40219.1
Project("{FAE04EC0-301F-11D3-BF4B-00C04F79EFBC}") = "VogCodeChallenge.API", "VogCodeChallenge.API\VogCodeChallenge.API.csproj", "{F70A53A4-BD62-4892-AB31-780C65BF35B0}"
EndProject
Project("{E53339B2-1760-4266-BCC7-CA923CBCF16C}") = "docker-compose", "docker-compose.dcproj", "{D456A18F-12B6-427E-88F1-717E0AA209E3}"
EndProject
Global
	GlobalSection(SolutionConfigurationPlatforms) = preSolution
		Debug|Any CPU = Debug|Any CPU
		Release|Any CPU = Release|Any CPU
	EndGlobalSection
	GlobalSection(ProjectConfigurationPlatforms) = postSolution
		{F70A53A4-BD62-4892-AB31-780C65BF35B0}.Debug|Any CPU.ActiveCfg = Debug|Any CPU
		{F70A53A4-BD62-4892-AB31-780C65BF35B0}.Debug|Any CPU.Build.0 = Debug|Any CPU
		{F70A53A4-BD62-4892-AB31-780C65BF35B0}.Release|Any CPU.ActiveCfg = Release|Any CPU
		{F70A53A4-BD62-4892-AB31-780C65BF35B0}.Release|Any CPU.Build.0 = Release|Any CPU
		{D456A18F-12B6-427E-88F1-717E0AA209E3}.Debug|Any CPU.ActiveCfg = Debug|Any CPU
		{D456A18F-12B6-427E-88F1-717E0AA209E3}.Debug|Any CPU.Build.0 = Debug|Any CPU
		{D456A18F-12B6-427E-88F1-717E0AA209E3}.Release|Any CPU.ActiveCfg = Release|Any CPU
		{D456A18F-12B6-427E-88F1-717E0AA209E3}.Release|Any CPU.Build.0 = Release|Any CPU
	EndGlobalSection
	GlobalSection(SolutionProperties) = preSolution
		HideSolutionNode = FALSE
	EndGlobalSection
	GlobalSection(ExtensibilityGlobals) = postSolution
		SolutionGuid = {FEE60CA2-F210-4D90-B025-5C0172DBDB95}
	EndGlobalSection
EndGlobal
